# This file is automatically @generated by Cargo.
# It is not intended for manual editing.
version = 4

[[package]]
name = "immich-rs-cli"
version = "0.0.0"

[[package]]
name = "immich-rs-client"
version = "0.0.0"

[[package]]
name = "immich-rs-core"
version = "0.0.0"

[[package]]
name = "immich-rs-sources"
version = "0.0.0"
